
Microsoft Visual Studio Solution File, Format Version 12.00
# Visual Studio Version 16
VisualStudioVersion = 16.0.31025.194
MinimumVisualStudioVersion = 10.0.40219.1
Project("{FAE04EC0-301F-11D3-BF4B-00C04F79EFBC}") = "ZadaciObjektno1", "ZadaciObjektno1\ZadaciObjektno1.csproj", "{AD3BEB83-A14B-4DD3-8582-CD3582DA3C70}"
EndProject
Global
	GlobalSection(SolutionConfigurationPlatforms) = preSolution
		Debug|Any CPU = Debug|Any CPU
		Release|Any CPU = Release|Any CPU
	EndGlobalSection
	GlobalSection(ProjectConfigurationPlatforms) = postSolution
		{AD3BEB83-A14B-4DD3-8582-CD3582DA3C70}.Debug|Any CPU.ActiveCfg = Debug|Any CPU
		{AD3BEB83-A14B-4DD3-8582-CD3582DA3C70}.Debug|Any CPU.Build.0 = Debug|Any CPU
		{AD3BEB83-A14B-4DD3-8582-CD3582DA3C70}.Release|Any CPU.ActiveCfg = Release|Any CPU
		{AD3BEB83-A14B-4DD3-8582-CD3582DA3C70}.Release|Any CPU.Build.0 = Release|Any CPU
	EndGlobalSection
	GlobalSection(SolutionProperties) = preSolution
		HideSolutionNode = FALSE
	EndGlobalSection
	GlobalSection(ExtensibilityGlobals) = postSolution
		SolutionGuid = {6A664615-E509-4D18-998B-330F2BFEA655}
	EndGlobalSection
EndGlobal
